
Microsoft Visual Studio Solution File, Format Version 12.00
# Visual Studio Version 17
VisualStudioVersion = 17.10.35013.160
MinimumVisualStudioVersion = 10.0.40219.1
Project("{FAE04EC0-301F-11D3-BF4B-00C04F79EFBC}") = "StoreApi", "StoreApi\StoreApi.csproj", "{0BC68E8F-7A05-4AF7-B18D-5A4B67B64FAF}"
EndProject
Global
	GlobalSection(SolutionConfigurationPlatforms) = preSolution
		Debug|Any CPU = Debug|Any CPU
		Release|Any CPU = Release|Any CPU
	EndGlobalSection
	GlobalSection(ProjectConfigurationPlatforms) = postSolution
		{0BC68E8F-7A05-4AF7-B18D-5A4B67B64FAF}.Debug|Any CPU.ActiveCfg = Debug|Any CPU
		{0BC68E8F-7A05-4AF7-B18D-5A4B67B64FAF}.Debug|Any CPU.Build.0 = Debug|Any CPU
		{0BC68E8F-7A05-4AF7-B18D-5A4B67B64FAF}.Release|Any CPU.ActiveCfg = Release|Any CPU
		{0BC68E8F-7A05-4AF7-B18D-5A4B67B64FAF}.Release|Any CPU.Build.0 = Release|Any CPU
	EndGlobalSection
	GlobalSection(SolutionProperties) = preSolution
		HideSolutionNode = FALSE
	EndGlobalSection
	GlobalSection(ExtensibilityGlobals) = postSolution
		SolutionGuid = {E5525373-6387-4D11-BC18-B756F82BE8C7}
	EndGlobalSection
EndGlobal
